
Microsoft Visual Studio Solution File, Format Version 12.00
# Visual Studio Version 17
VisualStudioVersion = 17.11.35312.102
MinimumVisualStudioVersion = 10.0.40219.1
Project("{FAE04EC0-301F-11D3-BF4B-00C04F79EFBC}") = "Sprint3", "Sprint3\Sprint3.csproj", "{0E04B729-1CC4-42E9-85E3-7B717602505A}"
EndProject
Global
	GlobalSection(SolutionConfigurationPlatforms) = preSolution
		Debug|Any CPU = Debug|Any CPU
		Release|Any CPU = Release|Any CPU
	EndGlobalSection
	GlobalSection(ProjectConfigurationPlatforms) = postSolution
		{0E04B729-1CC4-42E9-85E3-7B717602505A}.Debug|Any CPU.ActiveCfg = Debug|Any CPU
		{0E04B729-1CC4-42E9-85E3-7B717602505A}.Debug|Any CPU.Build.0 = Debug|Any CPU
		{0E04B729-1CC4-42E9-85E3-7B717602505A}.Release|Any CPU.ActiveCfg = Release|Any CPU
		{0E04B729-1CC4-42E9-85E3-7B717602505A}.Release|Any CPU.Build.0 = Release|Any CPU
	EndGlobalSection
	GlobalSection(SolutionProperties) = preSolution
		HideSolutionNode = FALSE
	EndGlobalSection
	GlobalSection(ExtensibilityGlobals) = postSolution
		SolutionGuid = {5B542D23-44E2-4709-BB58-B41A83349D50}
	EndGlobalSection
EndGlobal
